
Microsoft Visual Studio Solution File, Format Version 12.00
# Visual Studio 14
VisualStudioVersion = 14.0.23107.0
MinimumVisualStudioVersion = 10.0.40219.1
Project("{FAE04EC0-301F-11D3-BF4B-00C04F79EFBC}") = "PhillMacro", "PhillMacro\PhillMacro.csproj", "{B4431ED0-801B-4BE7-A7AC-5AA215F00297}"
EndProject
Project("{FAE04EC0-301F-11D3-BF4B-00C04F79EFBC}") = "PHLMACR", "PHLMACR\PHLMACR.csproj", "{4B772DD2-EB82-461C-B538-679452EB352F}"
EndProject
Global
	GlobalSection(SolutionConfigurationPlatforms) = preSolution
		Debug|Any CPU = Debug|Any CPU
		Release|Any CPU = Release|Any CPU
	EndGlobalSection
	GlobalSection(ProjectConfigurationPlatforms) = postSolution
		{B4431ED0-801B-4BE7-A7AC-5AA215F00297}.Debug|Any CPU.ActiveCfg = Debug|Any CPU
		{B4431ED0-801B-4BE7-A7AC-5AA215F00297}.Debug|Any CPU.Build.0 = Debug|Any CPU
		{B4431ED0-801B-4BE7-A7AC-5AA215F00297}.Release|Any CPU.ActiveCfg = Release|Any CPU
		{B4431ED0-801B-4BE7-A7AC-5AA215F00297}.Release|Any CPU.Build.0 = Release|Any CPU
		{4B772DD2-EB82-461C-B538-679452EB352F}.Debug|Any CPU.ActiveCfg = Debug|Any CPU
		{4B772DD2-EB82-461C-B538-679452EB352F}.Debug|Any CPU.Build.0 = Debug|Any CPU
		{4B772DD2-EB82-461C-B538-679452EB352F}.Release|Any CPU.ActiveCfg = Release|Any CPU
		{4B772DD2-EB82-461C-B538-679452EB352F}.Release|Any CPU.Build.0 = Release|Any CPU
	EndGlobalSection
	GlobalSection(SolutionProperties) = preSolution
		HideSolutionNode = FALSE
	EndGlobalSection
EndGlobal
